
Microsoft Visual Studio Solution File, Format Version 11.00
# Visual Studio 2010
# SharpDevelop 4.2.1.8805
Project("{FAE04EC0-301F-11D3-BF4B-00C04F79EFBC}") = "HACtorr", "HACtorr\HACtorr.csproj", "{30A5DE30-1E1D-4E70-888D-43AF864E7AE0}"
EndProject
Project("{FAE04EC0-301F-11D3-BF4B-00C04F79EFBC}") = "HACtorr.Tests", "HACtorr.Tests\HACtorr.Tests.csproj", "{722A655B-70C0-4384-8F44-813E8CC8D1AC}"
EndProject
Global
	GlobalSection(SolutionConfigurationPlatforms) = preSolution
		Debug|x86 = Debug|x86
		Release|x86 = Release|x86
	EndGlobalSection
	GlobalSection(ProjectConfigurationPlatforms) = postSolution
		{30A5DE30-1E1D-4E70-888D-43AF864E7AE0}.Debug|x86.Build.0 = Debug|x86
		{30A5DE30-1E1D-4E70-888D-43AF864E7AE0}.Debug|x86.ActiveCfg = Debug|x86
		{30A5DE30-1E1D-4E70-888D-43AF864E7AE0}.Release|x86.Build.0 = Release|x86
		{30A5DE30-1E1D-4E70-888D-43AF864E7AE0}.Release|x86.ActiveCfg = Release|x86
		{722A655B-70C0-4384-8F44-813E8CC8D1AC}.Debug|x86.Build.0 = Debug|x86
		{722A655B-70C0-4384-8F44-813E8CC8D1AC}.Debug|x86.ActiveCfg = Debug|x86
		{722A655B-70C0-4384-8F44-813E8CC8D1AC}.Release|x86.Build.0 = Release|x86
		{722A655B-70C0-4384-8F44-813E8CC8D1AC}.Release|x86.ActiveCfg = Release|x86
	EndGlobalSection
EndGlobal
